# This file is automatically @generated by Cargo.
# It is not intended for manual editing.
[[package]]
name = "bimap"
version = "0.5.2"
source = "registry+https://github.com/rust-lang/crates.io-index"
checksum = "43806ad6cd3dec8ef84ac19f35a7b0075aee8c8a913ffc3a09191e6d7131e781"

[[package]]
name = "ligi"
version = "0.1.0"
dependencies = [
 "bimap",
]
